
Microsoft Visual Studio Solution File, Format Version 12.00
# Visual Studio 15
Project("{FAE04EC0-301F-11D3-BF4B-00C04F79EFBC}") = "PushDemo.Android", "PushDemo.Android\PushDemo.Android.csproj", "{F86ABDAE-087D-4C8C-BAC6-96E26A306DE3}"
EndProject
Project("{FAE04EC0-301F-11D3-BF4B-00C04F79EFBC}") = "PushDemo.iOS", "PushDemo.iOS\PushDemo.iOS.csproj", "{D7DAFD59-04EB-4EA1-BFB3-ABA03460C5E4}"
EndProject
Project("{FAE04EC0-301F-11D3-BF4B-00C04F79EFBC}") = "PushDemo", "PushDemo\PushDemo.csproj", "{0C4D2C06-545D-4FF5-8034-8D4FF711B7A4}"
EndProject
Global
	GlobalSection(SolutionConfigurationPlatforms) = preSolution
		Debug|Any CPU = Debug|Any CPU
		Release|Any CPU = Release|Any CPU
		Debug|iPhoneSimulator = Debug|iPhoneSimulator
		Release|iPhoneSimulator = Release|iPhoneSimulator
		Debug|iPhone = Debug|iPhone
		Release|iPhone = Release|iPhone
	EndGlobalSection
	GlobalSection(ProjectConfigurationPlatforms) = postSolution
		{F86ABDAE-087D-4C8C-BAC6-96E26A306DE3}.Debug|Any CPU.ActiveCfg = Debug|Any CPU
		{F86ABDAE-087D-4C8C-BAC6-96E26A306DE3}.Debug|Any CPU.Build.0 = Debug|Any CPU
		{F86ABDAE-087D-4C8C-BAC6-96E26A306DE3}.Release|Any CPU.ActiveCfg = Release|Any CPU
		{F86ABDAE-087D-4C8C-BAC6-96E26A306DE3}.Release|Any CPU.Build.0 = Release|Any CPU
		{F86ABDAE-087D-4C8C-BAC6-96E26A306DE3}.Debug|iPhoneSimulator.ActiveCfg = Debug|Any CPU
		{F86ABDAE-087D-4C8C-BAC6-96E26A306DE3}.Debug|iPhoneSimulator.Build.0 = Debug|Any CPU
		{F86ABDAE-087D-4C8C-BAC6-96E26A306DE3}.Release|iPhoneSimulator.ActiveCfg = Release|Any CPU
		{F86ABDAE-087D-4C8C-BAC6-96E26A306DE3}.Release|iPhoneSimulator.Build.0 = Release|Any CPU
		{F86ABDAE-087D-4C8C-BAC6-96E26A306DE3}.Debug|iPhone.ActiveCfg = Debug|Any CPU
		{F86ABDAE-087D-4C8C-BAC6-96E26A306DE3}.Debug|iPhone.Build.0 = Debug|Any CPU
		{F86ABDAE-087D-4C8C-BAC6-96E26A306DE3}.Release|iPhone.ActiveCfg = Release|Any CPU
		{F86ABDAE-087D-4C8C-BAC6-96E26A306DE3}.Release|iPhone.Build.0 = Release|Any CPU
		{D7DAFD59-04EB-4EA1-BFB3-ABA03460C5E4}.Debug|Any CPU.ActiveCfg = Debug|iPhoneSimulator
		{D7DAFD59-04EB-4EA1-BFB3-ABA03460C5E4}.Debug|Any CPU.Build.0 = Debug|iPhoneSimulator
		{D7DAFD59-04EB-4EA1-BFB3-ABA03460C5E4}.Release|Any CPU.ActiveCfg = Release|iPhoneSimulator
		{D7DAFD59-04EB-4EA1-BFB3-ABA03460C5E4}.Release|Any CPU.Build.0 = Release|iPhoneSimulator
		{D7DAFD59-04EB-4EA1-BFB3-ABA03460C5E4}.Debug|iPhoneSimulator.ActiveCfg = Debug|iPhoneSimulator
		{D7DAFD59-04EB-4EA1-BFB3-ABA03460C5E4}.Debug|iPhoneSimulator.Build.0 = Debug|iPhoneSimulator
		{D7DAFD59-04EB-4EA1-BFB3-ABA03460C5E4}.Release|iPhoneSimulator.ActiveCfg = Release|iPhoneSimulator
		{D7DAFD59-04EB-4EA1-BFB3-ABA03460C5E4}.Release|iPhoneSimulator.Build.0 = Release|iPhoneSimulator
		{D7DAFD59-04EB-4EA1-BFB3-ABA03460C5E4}.Debug|iPhone.ActiveCfg = Debug|iPhone
		{D7DAFD59-04EB-4EA1-BFB3-ABA03460C5E4}.Debug|iPhone.Build.0 = Debug|iPhone
		{D7DAFD59-04EB-4EA1-BFB3-ABA03460C5E4}.Release|iPhone.ActiveCfg = Release|iPhone
		{D7DAFD59-04EB-4EA1-BFB3-ABA03460C5E4}.Release|iPhone.Build.0 = Release|iPhone
		{0C4D2C06-545D-4FF5-8034-8D4FF711B7A4}.Debug|Any CPU.ActiveCfg = Debug|Any CPU
		{0C4D2C06-545D-4FF5-8034-8D4FF711B7A4}.Debug|Any CPU.Build.0 = Debug|Any CPU
		{0C4D2C06-545D-4FF5-8034-8D4FF711B7A4}.Release|Any CPU.ActiveCfg = Release|Any CPU
		{0C4D2C06-545D-4FF5-8034-8D4FF711B7A4}.Release|Any CPU.Build.0 = Release|Any CPU
		{0C4D2C06-545D-4FF5-8034-8D4FF711B7A4}.Debug|iPhoneSimulator.ActiveCfg = Debug|Any CPU
		{0C4D2C06-545D-4FF5-8034-8D4FF711B7A4}.Debug|iPhoneSimulator.Build.0 = Debug|Any CPU
		{0C4D2C06-545D-4FF5-8034-8D4FF711B7A4}.Release|iPhoneSimulator.ActiveCfg = Release|Any CPU
		{0C4D2C06-545D-4FF5-8034-8D4FF711B7A4}.Release|iPhoneSimulator.Build.0 = Release|Any CPU
		{0C4D2C06-545D-4FF5-8034-8D4FF711B7A4}.Debug|iPhone.ActiveCfg = Debug|Any CPU
		{0C4D2C06-545D-4FF5-8034-8D4FF711B7A4}.Debug|iPhone.Build.0 = Debug|Any CPU
		{0C4D2C06-545D-4FF5-8034-8D4FF711B7A4}.Release|iPhone.ActiveCfg = Release|Any CPU
		{0C4D2C06-545D-4FF5-8034-8D4FF711B7A4}.Release|iPhone.Build.0 = Release|Any CPU
	EndGlobalSection
EndGlobal
