
Microsoft Visual Studio Solution File, Format Version 12.00
# Visual Studio 15
Project("{FAE04EC0-301F-11D3-BF4B-00C04F79EFBC}") = "SampleNativeVideo.iOS", "iOS\SampleNativeVideo.iOS.csproj", "{A6D2E4F2-E862-4A63-9BC7-9146942B8056}"
EndProject
Global
	GlobalSection(SolutionConfigurationPlatforms) = preSolution
		Debug|Any CPU = Debug|Any CPU
		Release|Any CPU = Release|Any CPU
		Debug|iPhoneSimulator = Debug|iPhoneSimulator
		Release|iPhone = Release|iPhone
		Release|iPhoneSimulator = Release|iPhoneSimulator
		Debug|iPhone = Debug|iPhone
	EndGlobalSection
	GlobalSection(ProjectConfigurationPlatforms) = postSolution
		{A6D2E4F2-E862-4A63-9BC7-9146942B8056}.Debug|Any CPU.ActiveCfg = Debug|iPhoneSimulator
		{A6D2E4F2-E862-4A63-9BC7-9146942B8056}.Debug|Any CPU.Build.0 = Debug|iPhoneSimulator
		{A6D2E4F2-E862-4A63-9BC7-9146942B8056}.Release|Any CPU.ActiveCfg = Release|iPhone
		{A6D2E4F2-E862-4A63-9BC7-9146942B8056}.Release|Any CPU.Build.0 = Release|iPhone
		{A6D2E4F2-E862-4A63-9BC7-9146942B8056}.Debug|iPhoneSimulator.ActiveCfg = Debug|iPhoneSimulator
		{A6D2E4F2-E862-4A63-9BC7-9146942B8056}.Debug|iPhoneSimulator.Build.0 = Debug|iPhoneSimulator
		{A6D2E4F2-E862-4A63-9BC7-9146942B8056}.Release|iPhone.ActiveCfg = Release|iPhone
		{A6D2E4F2-E862-4A63-9BC7-9146942B8056}.Release|iPhone.Build.0 = Release|iPhone
		{A6D2E4F2-E862-4A63-9BC7-9146942B8056}.Release|iPhoneSimulator.ActiveCfg = Release|iPhoneSimulator
		{A6D2E4F2-E862-4A63-9BC7-9146942B8056}.Release|iPhoneSimulator.Build.0 = Release|iPhoneSimulator
		{A6D2E4F2-E862-4A63-9BC7-9146942B8056}.Debug|iPhone.ActiveCfg = Debug|iPhone
		{A6D2E4F2-E862-4A63-9BC7-9146942B8056}.Debug|iPhone.Build.0 = Debug|iPhone
	EndGlobalSection
EndGlobal
