
Microsoft Visual Studio Solution File, Format Version 12.00
# Visual Studio 15
Project("{FAE04EC0-301F-11D3-BF4B-00C04F79EFBC}") = "PushDemoApi", "PushDemoApi\PushDemoApi.csproj", "{37FA63C4-6321-48B4-B164-4ED4E9903D85}"
EndProject
Global
	GlobalSection(SolutionConfigurationPlatforms) = preSolution
		Debug|Any CPU = Debug|Any CPU
		Release|Any CPU = Release|Any CPU
	EndGlobalSection
	GlobalSection(ProjectConfigurationPlatforms) = postSolution
		{37FA63C4-6321-48B4-B164-4ED4E9903D85}.Debug|Any CPU.ActiveCfg = Debug|Any CPU
		{37FA63C4-6321-48B4-B164-4ED4E9903D85}.Debug|Any CPU.Build.0 = Debug|Any CPU
		{37FA63C4-6321-48B4-B164-4ED4E9903D85}.Release|Any CPU.ActiveCfg = Release|Any CPU
		{37FA63C4-6321-48B4-B164-4ED4E9903D85}.Release|Any CPU.Build.0 = Release|Any CPU
	EndGlobalSection
EndGlobal
