Microsoft Visual Studio Solution File, Format Version 12.00
# Visual Studio Version 16
VisualStudioVersion = 16.0.29709.97
MinimumVisualStudioVersion = 10.0.40219.1
Project("{FAE04EC0-301F-11D3-BF4B-00C04F79EFBC}") = "Weather.Android", "Weather.Android\Weather.Android.csproj", "{A714C08C-CD85-4CA0-A03B-D1C6CDB58847}"
EndProject
Project("{FAE04EC0-301F-11D3-BF4B-00C04F79EFBC}") = "Weather.iOS", "Weather.iOS\Weather.iOS.csproj", "{0A503818-E0F3-4CD2-90E1-46479A454F48}"
EndProject
Project("{FAE04EC0-301F-11D3-BF4B-00C04F79EFBC}") = "Weather.UITests", "Weather.UITests\Weather.UITests.csproj", "{8EB656CE-5D6E-4A4E-8EE1-1C54B3E74101}"
EndProject
Project("{9A19103F-16F7-4668-BE54-9A1E7A4F7556}") = "Weather", "Weather\Weather.csproj", "{597B8444-AEDB-4480-A0E3-D76A84BD2AE5}"
EndProject
Project("{9A19103F-16F7-4668-BE54-9A1E7A4F7556}") = "Weather.UnitTests", "Weather.UnitTests\Weather.UnitTests.csproj", "{360B566D-07E6-4045-AEB3-01B6C5E69696}"
EndProject
Project("{FAE04EC0-301F-11D3-BF4B-00C04F79EFBC}") = "Weather.Blazor.Server", "Weather.Blazor\Weather.Blazor.Server\Weather.Blazor.Server.csproj", "{04ADDE97-FB88-4648-8FD4-9BBF1EF5277B}"
EndProject
Project("{FAE04EC0-301F-11D3-BF4B-00C04F79EFBC}") = "Weather.Blazor.Client", "Weather.Blazor\Weather.Blazor.Client\Weather.Blazor.Client.csproj", "{1BE23BDB-EAD5-4DA5-B9A2-9672F9A2C9B7}"
EndProject
Project("{FAE04EC0-301F-11D3-BF4B-00C04F79EFBC}") = "Weather.Blazor.Shared", "Weather.Blazor\Weather.Blazor.Shared\Weather.Blazor.Shared.csproj", "{0EC2B8A6-41FC-4647-B353-E8BD6DAAAAC1}"
EndProject
Global
	GlobalSection(SolutionConfigurationPlatforms) = preSolution
		Ad-Hoc|Any CPU = Ad-Hoc|Any CPU
		Ad-Hoc|iPhone = Ad-Hoc|iPhone
		Ad-Hoc|iPhoneSimulator = Ad-Hoc|iPhoneSimulator
		AppStore|Any CPU = AppStore|Any CPU
		AppStore|iPhone = AppStore|iPhone
		AppStore|iPhoneSimulator = AppStore|iPhoneSimulator
		Debug|Any CPU = Debug|Any CPU
		Debug|iPhone = Debug|iPhone
		Debug|iPhoneSimulator = Debug|iPhoneSimulator
		Release|Any CPU = Release|Any CPU
		Release|iPhone = Release|iPhone
		Release|iPhoneSimulator = Release|iPhoneSimulator
	EndGlobalSection
	GlobalSection(ProjectConfigurationPlatforms) = postSolution
		{A714C08C-CD85-4CA0-A03B-D1C6CDB58847}.Ad-Hoc|Any CPU.ActiveCfg = Release|Any CPU
		{A714C08C-CD85-4CA0-A03B-D1C6CDB58847}.Ad-Hoc|Any CPU.Build.0 = Release|Any CPU
		{A714C08C-CD85-4CA0-A03B-D1C6CDB58847}.Ad-Hoc|Any CPU.Deploy.0 = Release|Any CPU
		{A714C08C-CD85-4CA0-A03B-D1C6CDB58847}.Ad-Hoc|iPhone.ActiveCfg = Debug|Any CPU
		{A714C08C-CD85-4CA0-A03B-D1C6CDB58847}.Ad-Hoc|iPhone.Build.0 = Debug|Any CPU
		{A714C08C-CD85-4CA0-A03B-D1C6CDB58847}.Ad-Hoc|iPhoneSimulator.ActiveCfg = Release|Any CPU
		{A714C08C-CD85-4CA0-A03B-D1C6CDB58847}.Ad-Hoc|iPhoneSimulator.Build.0 = Release|Any CPU
		{A714C08C-CD85-4CA0-A03B-D1C6CDB58847}.Ad-Hoc|iPhoneSimulator.Deploy.0 = Release|Any CPU
		{A714C08C-CD85-4CA0-A03B-D1C6CDB58847}.AppStore|Any CPU.ActiveCfg = Release|Any CPU
		{A714C08C-CD85-4CA0-A03B-D1C6CDB58847}.AppStore|Any CPU.Build.0 = Release|Any CPU
		{A714C08C-CD85-4CA0-A03B-D1C6CDB58847}.AppStore|Any CPU.Deploy.0 = Release|Any CPU
		{A714C08C-CD85-4CA0-A03B-D1C6CDB58847}.AppStore|iPhone.ActiveCfg = Debug|Any CPU
		{A714C08C-CD85-4CA0-A03B-D1C6CDB58847}.AppStore|iPhone.Build.0 = Debug|Any CPU
		{A714C08C-CD85-4CA0-A03B-D1C6CDB58847}.AppStore|iPhoneSimulator.ActiveCfg = Release|Any CPU
		{A714C08C-CD85-4CA0-A03B-D1C6CDB58847}.AppStore|iPhoneSimulator.Build.0 = Release|Any CPU
		{A714C08C-CD85-4CA0-A03B-D1C6CDB58847}.AppStore|iPhoneSimulator.Deploy.0 = Release|Any CPU
		{A714C08C-CD85-4CA0-A03B-D1C6CDB58847}.Debug|Any CPU.ActiveCfg = Debug|Any CPU
		{A714C08C-CD85-4CA0-A03B-D1C6CDB58847}.Debug|Any CPU.Build.0 = Debug|Any CPU
		{A714C08C-CD85-4CA0-A03B-D1C6CDB58847}.Debug|Any CPU.Deploy.0 = Debug|Any CPU
		{A714C08C-CD85-4CA0-A03B-D1C6CDB58847}.Debug|iPhone.ActiveCfg = Debug|Any CPU
		{A714C08C-CD85-4CA0-A03B-D1C6CDB58847}.Debug|iPhone.Build.0 = Debug|Any CPU
		{A714C08C-CD85-4CA0-A03B-D1C6CDB58847}.Debug|iPhoneSimulator.ActiveCfg = Debug|Any CPU
		{A714C08C-CD85-4CA0-A03B-D1C6CDB58847}.Debug|iPhoneSimulator.Build.0 = Debug|Any CPU
		{A714C08C-CD85-4CA0-A03B-D1C6CDB58847}.Release|Any CPU.ActiveCfg = Release|Any CPU
		{A714C08C-CD85-4CA0-A03B-D1C6CDB58847}.Release|Any CPU.Build.0 = Release|Any CPU
		{A714C08C-CD85-4CA0-A03B-D1C6CDB58847}.Release|Any CPU.Deploy.0 = Release|Any CPU
		{A714C08C-CD85-4CA0-A03B-D1C6CDB58847}.Release|iPhone.ActiveCfg = Release|Any CPU
		{A714C08C-CD85-4CA0-A03B-D1C6CDB58847}.Release|iPhone.Build.0 = Release|Any CPU
		{A714C08C-CD85-4CA0-A03B-D1C6CDB58847}.Release|iPhoneSimulator.ActiveCfg = Release|Any CPU
		{A714C08C-CD85-4CA0-A03B-D1C6CDB58847}.Release|iPhoneSimulator.Build.0 = Release|Any CPU
		{0A503818-E0F3-4CD2-90E1-46479A454F48}.Ad-Hoc|Any CPU.ActiveCfg = Ad-Hoc|iPhoneSimulator
		{0A503818-E0F3-4CD2-90E1-46479A454F48}.Ad-Hoc|iPhone.ActiveCfg = Ad-Hoc|iPhone
		{0A503818-E0F3-4CD2-90E1-46479A454F48}.Ad-Hoc|iPhone.Build.0 = Ad-Hoc|iPhone
		{0A503818-E0F3-4CD2-90E1-46479A454F48}.Ad-Hoc|iPhoneSimulator.ActiveCfg = Ad-Hoc|iPhoneSimulator
		{0A503818-E0F3-4CD2-90E1-46479A454F48}.Ad-Hoc|iPhoneSimulator.Build.0 = Ad-Hoc|iPhoneSimulator
		{0A503818-E0F3-4CD2-90E1-46479A454F48}.AppStore|Any CPU.ActiveCfg = AppStore|iPhoneSimulator
		{0A503818-E0F3-4CD2-90E1-46479A454F48}.AppStore|iPhone.ActiveCfg = AppStore|iPhone
		{0A503818-E0F3-4CD2-90E1-46479A454F48}.AppStore|iPhone.Build.0 = AppStore|iPhone
		{0A503818-E0F3-4CD2-90E1-46479A454F48}.AppStore|iPhoneSimulator.ActiveCfg = AppStore|iPhoneSimulator
		{0A503818-E0F3-4CD2-90E1-46479A454F48}.AppStore|iPhoneSimulator.Build.0 = AppStore|iPhoneSimulator
		{0A503818-E0F3-4CD2-90E1-46479A454F48}.Debug|Any CPU.ActiveCfg = Debug|iPhoneSimulator
		{0A503818-E0F3-4CD2-90E1-46479A454F48}.Debug|Any CPU.Build.0 = Debug|iPhoneSimulator
		{0A503818-E0F3-4CD2-90E1-46479A454F48}.Debug|iPhone.ActiveCfg = Debug|iPhone
		{0A503818-E0F3-4CD2-90E1-46479A454F48}.Debug|iPhone.Build.0 = Debug|iPhone
		{0A503818-E0F3-4CD2-90E1-46479A454F48}.Debug|iPhoneSimulator.ActiveCfg = Debug|iPhoneSimulator
		{0A503818-E0F3-4CD2-90E1-46479A454F48}.Debug|iPhoneSimulator.Build.0 = Debug|iPhoneSimulator
		{0A503818-E0F3-4CD2-90E1-46479A454F48}.Release|Any CPU.ActiveCfg = Release|iPhoneSimulator
		{0A503818-E0F3-4CD2-90E1-46479A454F48}.Release|Any CPU.Build.0 = Release|iPhoneSimulator
		{0A503818-E0F3-4CD2-90E1-46479A454F48}.Release|iPhone.ActiveCfg = Release|iPhone
		{0A503818-E0F3-4CD2-90E1-46479A454F48}.Release|iPhone.Build.0 = Release|iPhone
		{0A503818-E0F3-4CD2-90E1-46479A454F48}.Release|iPhoneSimulator.ActiveCfg = Release|iPhoneSimulator
		{0A503818-E0F3-4CD2-90E1-46479A454F48}.Release|iPhoneSimulator.Build.0 = Release|iPhoneSimulator
		{8EB656CE-5D6E-4A4E-8EE1-1C54B3E74101}.Ad-Hoc|Any CPU.ActiveCfg = Release|Any CPU
		{8EB656CE-5D6E-4A4E-8EE1-1C54B3E74101}.Ad-Hoc|Any CPU.Build.0 = Release|Any CPU
		{8EB656CE-5D6E-4A4E-8EE1-1C54B3E74101}.Ad-Hoc|iPhone.ActiveCfg = Debug|Any CPU
		{8EB656CE-5D6E-4A4E-8EE1-1C54B3E74101}.Ad-Hoc|iPhone.Build.0 = Debug|Any CPU
		{8EB656CE-5D6E-4A4E-8EE1-1C54B3E74101}.Ad-Hoc|iPhoneSimulator.ActiveCfg = Release|Any CPU
		{8EB656CE-5D6E-4A4E-8EE1-1C54B3E74101}.Ad-Hoc|iPhoneSimulator.Build.0 = Release|Any CPU
		{8EB656CE-5D6E-4A4E-8EE1-1C54B3E74101}.AppStore|Any CPU.ActiveCfg = Release|Any CPU
		{8EB656CE-5D6E-4A4E-8EE1-1C54B3E74101}.AppStore|Any CPU.Build.0 = Release|Any CPU
		{8EB656CE-5D6E-4A4E-8EE1-1C54B3E74101}.AppStore|iPhone.ActiveCfg = Debug|Any CPU
		{8EB656CE-5D6E-4A4E-8EE1-1C54B3E74101}.AppStore|iPhone.Build.0 = Debug|Any CPU
		{8EB656CE-5D6E-4A4E-8EE1-1C54B3E74101}.AppStore|iPhoneSimulator.ActiveCfg = Release|Any CPU
		{8EB656CE-5D6E-4A4E-8EE1-1C54B3E74101}.AppStore|iPhoneSimulator.Build.0 = Release|Any CPU
		{8EB656CE-5D6E-4A4E-8EE1-1C54B3E74101}.Debug|Any CPU.ActiveCfg = Debug|Any CPU
		{8EB656CE-5D6E-4A4E-8EE1-1C54B3E74101}.Debug|Any CPU.Build.0 = Debug|Any CPU
		{8EB656CE-5D6E-4A4E-8EE1-1C54B3E74101}.Debug|iPhone.ActiveCfg = Debug|Any CPU
		{8EB656CE-5D6E-4A4E-8EE1-1C54B3E74101}.Debug|iPhone.Build.0 = Debug|Any CPU
		{8EB656CE-5D6E-4A4E-8EE1-1C54B3E74101}.Debug|iPhoneSimulator.ActiveCfg = Debug|Any CPU
		{8EB656CE-5D6E-4A4E-8EE1-1C54B3E74101}.Debug|iPhoneSimulator.Build.0 = Debug|Any CPU
		{8EB656CE-5D6E-4A4E-8EE1-1C54B3E74101}.Release|Any CPU.ActiveCfg = Release|Any CPU
		{8EB656CE-5D6E-4A4E-8EE1-1C54B3E74101}.Release|Any CPU.Build.0 = Release|Any CPU
		{8EB656CE-5D6E-4A4E-8EE1-1C54B3E74101}.Release|iPhone.ActiveCfg = Release|Any CPU
		{8EB656CE-5D6E-4A4E-8EE1-1C54B3E74101}.Release|iPhone.Build.0 = Release|Any CPU
		{8EB656CE-5D6E-4A4E-8EE1-1C54B3E74101}.Release|iPhoneSimulator.ActiveCfg = Release|Any CPU
		{8EB656CE-5D6E-4A4E-8EE1-1C54B3E74101}.Release|iPhoneSimulator.Build.0 = Release|Any CPU
		{597B8444-AEDB-4480-A0E3-D76A84BD2AE5}.Ad-Hoc|Any CPU.ActiveCfg = Debug|Any CPU
		{597B8444-AEDB-4480-A0E3-D76A84BD2AE5}.Ad-Hoc|Any CPU.Build.0 = Debug|Any CPU
		{597B8444-AEDB-4480-A0E3-D76A84BD2AE5}.Ad-Hoc|iPhone.ActiveCfg = Release|Any CPU
		{597B8444-AEDB-4480-A0E3-D76A84BD2AE5}.Ad-Hoc|iPhone.Build.0 = Release|Any CPU
		{597B8444-AEDB-4480-A0E3-D76A84BD2AE5}.Ad-Hoc|iPhoneSimulator.ActiveCfg = Debug|Any CPU
		{597B8444-AEDB-4480-A0E3-D76A84BD2AE5}.Ad-Hoc|iPhoneSimulator.Build.0 = Debug|Any CPU
		{597B8444-AEDB-4480-A0E3-D76A84BD2AE5}.AppStore|Any CPU.ActiveCfg = Debug|Any CPU
		{597B8444-AEDB-4480-A0E3-D76A84BD2AE5}.AppStore|Any CPU.Build.0 = Debug|Any CPU
		{597B8444-AEDB-4480-A0E3-D76A84BD2AE5}.AppStore|iPhone.ActiveCfg = Release|Any CPU
		{597B8444-AEDB-4480-A0E3-D76A84BD2AE5}.AppStore|iPhone.Build.0 = Release|Any CPU
		{597B8444-AEDB-4480-A0E3-D76A84BD2AE5}.AppStore|iPhoneSimulator.ActiveCfg = Debug|Any CPU
		{597B8444-AEDB-4480-A0E3-D76A84BD2AE5}.AppStore|iPhoneSimulator.Build.0 = Debug|Any CPU
		{597B8444-AEDB-4480-A0E3-D76A84BD2AE5}.Debug|Any CPU.ActiveCfg = Debug|Any CPU
		{597B8444-AEDB-4480-A0E3-D76A84BD2AE5}.Debug|Any CPU.Build.0 = Debug|Any CPU
		{597B8444-AEDB-4480-A0E3-D76A84BD2AE5}.Debug|iPhone.ActiveCfg = Debug|Any CPU
		{597B8444-AEDB-4480-A0E3-D76A84BD2AE5}.Debug|iPhone.Build.0 = Debug|Any CPU
		{597B8444-AEDB-4480-A0E3-D76A84BD2AE5}.Debug|iPhoneSimulator.ActiveCfg = Debug|Any CPU
		{597B8444-AEDB-4480-A0E3-D76A84BD2AE5}.Debug|iPhoneSimulator.Build.0 = Debug|Any CPU
		{597B8444-AEDB-4480-A0E3-D76A84BD2AE5}.Release|Any CPU.ActiveCfg = Release|Any CPU
		{597B8444-AEDB-4480-A0E3-D76A84BD2AE5}.Release|Any CPU.Build.0 = Release|Any CPU
		{597B8444-AEDB-4480-A0E3-D76A84BD2AE5}.Release|iPhone.ActiveCfg = Release|Any CPU
		{597B8444-AEDB-4480-A0E3-D76A84BD2AE5}.Release|iPhone.Build.0 = Release|Any CPU
		{597B8444-AEDB-4480-A0E3-D76A84BD2AE5}.Release|iPhoneSimulator.ActiveCfg = Release|Any CPU
		{597B8444-AEDB-4480-A0E3-D76A84BD2AE5}.Release|iPhoneSimulator.Build.0 = Release|Any CPU
		{360B566D-07E6-4045-AEB3-01B6C5E69696}.Ad-Hoc|Any CPU.ActiveCfg = Release|Any CPU
		{360B566D-07E6-4045-AEB3-01B6C5E69696}.Ad-Hoc|Any CPU.Build.0 = Release|Any CPU
		{360B566D-07E6-4045-AEB3-01B6C5E69696}.Ad-Hoc|iPhone.ActiveCfg = Debug|Any CPU
		{360B566D-07E6-4045-AEB3-01B6C5E69696}.Ad-Hoc|iPhone.Build.0 = Debug|Any CPU
		{360B566D-07E6-4045-AEB3-01B6C5E69696}.Ad-Hoc|iPhoneSimulator.ActiveCfg = Release|Any CPU
		{360B566D-07E6-4045-AEB3-01B6C5E69696}.Ad-Hoc|iPhoneSimulator.Build.0 = Release|Any CPU
		{360B566D-07E6-4045-AEB3-01B6C5E69696}.AppStore|Any CPU.ActiveCfg = Release|Any CPU
		{360B566D-07E6-4045-AEB3-01B6C5E69696}.AppStore|Any CPU.Build.0 = Release|Any CPU
		{360B566D-07E6-4045-AEB3-01B6C5E69696}.AppStore|iPhone.ActiveCfg = Debug|Any CPU
		{360B566D-07E6-4045-AEB3-01B6C5E69696}.AppStore|iPhone.Build.0 = Debug|Any CPU
		{360B566D-07E6-4045-AEB3-01B6C5E69696}.AppStore|iPhoneSimulator.ActiveCfg = Release|Any CPU
		{360B566D-07E6-4045-AEB3-01B6C5E69696}.AppStore|iPhoneSimulator.Build.0 = Release|Any CPU
		{360B566D-07E6-4045-AEB3-01B6C5E69696}.Debug|Any CPU.ActiveCfg = Debug|Any CPU
		{360B566D-07E6-4045-AEB3-01B6C5E69696}.Debug|Any CPU.Build.0 = Debug|Any CPU
		{360B566D-07E6-4045-AEB3-01B6C5E69696}.Debug|iPhone.ActiveCfg = Debug|Any CPU
		{360B566D-07E6-4045-AEB3-01B6C5E69696}.Debug|iPhone.Build.0 = Debug|Any CPU
		{360B566D-07E6-4045-AEB3-01B6C5E69696}.Debug|iPhoneSimulator.ActiveCfg = Debug|Any CPU
		{360B566D-07E6-4045-AEB3-01B6C5E69696}.Debug|iPhoneSimulator.Build.0 = Debug|Any CPU
		{360B566D-07E6-4045-AEB3-01B6C5E69696}.Release|Any CPU.ActiveCfg = Release|Any CPU
		{360B566D-07E6-4045-AEB3-01B6C5E69696}.Release|Any CPU.Build.0 = Release|Any CPU
		{360B566D-07E6-4045-AEB3-01B6C5E69696}.Release|iPhone.ActiveCfg = Release|Any CPU
		{360B566D-07E6-4045-AEB3-01B6C5E69696}.Release|iPhone.Build.0 = Release|Any CPU
		{360B566D-07E6-4045-AEB3-01B6C5E69696}.Release|iPhoneSimulator.ActiveCfg = Release|Any CPU
		{360B566D-07E6-4045-AEB3-01B6C5E69696}.Release|iPhoneSimulator.Build.0 = Release|Any CPU
		{04ADDE97-FB88-4648-8FD4-9BBF1EF5277B}.Ad-Hoc|Any CPU.ActiveCfg = Debug|Any CPU
		{04ADDE97-FB88-4648-8FD4-9BBF1EF5277B}.Ad-Hoc|Any CPU.Build.0 = Debug|Any CPU
		{04ADDE97-FB88-4648-8FD4-9BBF1EF5277B}.Ad-Hoc|iPhone.ActiveCfg = Debug|Any CPU
		{04ADDE97-FB88-4648-8FD4-9BBF1EF5277B}.Ad-Hoc|iPhone.Build.0 = Debug|Any CPU
		{04ADDE97-FB88-4648-8FD4-9BBF1EF5277B}.Ad-Hoc|iPhoneSimulator.ActiveCfg = Debug|Any CPU
		{04ADDE97-FB88-4648-8FD4-9BBF1EF5277B}.Ad-Hoc|iPhoneSimulator.Build.0 = Debug|Any CPU
		{04ADDE97-FB88-4648-8FD4-9BBF1EF5277B}.AppStore|Any CPU.ActiveCfg = Debug|Any CPU
		{04ADDE97-FB88-4648-8FD4-9BBF1EF5277B}.AppStore|Any CPU.Build.0 = Debug|Any CPU
		{04ADDE97-FB88-4648-8FD4-9BBF1EF5277B}.AppStore|iPhone.ActiveCfg = Debug|Any CPU
		{04ADDE97-FB88-4648-8FD4-9BBF1EF5277B}.AppStore|iPhone.Build.0 = Debug|Any CPU
		{04ADDE97-FB88-4648-8FD4-9BBF1EF5277B}.AppStore|iPhoneSimulator.ActiveCfg = Debug|Any CPU
		{04ADDE97-FB88-4648-8FD4-9BBF1EF5277B}.AppStore|iPhoneSimulator.Build.0 = Debug|Any CPU
		{04ADDE97-FB88-4648-8FD4-9BBF1EF5277B}.Debug|Any CPU.ActiveCfg = Debug|Any CPU
		{04ADDE97-FB88-4648-8FD4-9BBF1EF5277B}.Debug|Any CPU.Build.0 = Debug|Any CPU
		{04ADDE97-FB88-4648-8FD4-9BBF1EF5277B}.Debug|iPhone.ActiveCfg = Debug|Any CPU
		{04ADDE97-FB88-4648-8FD4-9BBF1EF5277B}.Debug|iPhone.Build.0 = Debug|Any CPU
		{04ADDE97-FB88-4648-8FD4-9BBF1EF5277B}.Debug|iPhoneSimulator.ActiveCfg = Debug|Any CPU
		{04ADDE97-FB88-4648-8FD4-9BBF1EF5277B}.Debug|iPhoneSimulator.Build.0 = Debug|Any CPU
		{04ADDE97-FB88-4648-8FD4-9BBF1EF5277B}.Release|Any CPU.ActiveCfg = Release|Any CPU
		{04ADDE97-FB88-4648-8FD4-9BBF1EF5277B}.Release|Any CPU.Build.0 = Release|Any CPU
		{04ADDE97-FB88-4648-8FD4-9BBF1EF5277B}.Release|iPhone.ActiveCfg = Release|Any CPU
		{04ADDE97-FB88-4648-8FD4-9BBF1EF5277B}.Release|iPhone.Build.0 = Release|Any CPU
		{04ADDE97-FB88-4648-8FD4-9BBF1EF5277B}.Release|iPhoneSimulator.ActiveCfg = Release|Any CPU
		{04ADDE97-FB88-4648-8FD4-9BBF1EF5277B}.Release|iPhoneSimulator.Build.0 = Release|Any CPU
		{1BE23BDB-EAD5-4DA5-B9A2-9672F9A2C9B7}.Ad-Hoc|Any CPU.ActiveCfg = Debug|Any CPU
		{1BE23BDB-EAD5-4DA5-B9A2-9672F9A2C9B7}.Ad-Hoc|Any CPU.Build.0 = Debug|Any CPU
		{1BE23BDB-EAD5-4DA5-B9A2-9672F9A2C9B7}.Ad-Hoc|iPhone.ActiveCfg = Debug|Any CPU
		{1BE23BDB-EAD5-4DA5-B9A2-9672F9A2C9B7}.Ad-Hoc|iPhone.Build.0 = Debug|Any CPU
		{1BE23BDB-EAD5-4DA5-B9A2-9672F9A2C9B7}.Ad-Hoc|iPhoneSimulator.ActiveCfg = Debug|Any CPU
		{1BE23BDB-EAD5-4DA5-B9A2-9672F9A2C9B7}.Ad-Hoc|iPhoneSimulator.Build.0 = Debug|Any CPU
		{1BE23BDB-EAD5-4DA5-B9A2-9672F9A2C9B7}.AppStore|Any CPU.ActiveCfg = Debug|Any CPU
		{1BE23BDB-EAD5-4DA5-B9A2-9672F9A2C9B7}.AppStore|Any CPU.Build.0 = Debug|Any CPU
		{1BE23BDB-EAD5-4DA5-B9A2-9672F9A2C9B7}.AppStore|iPhone.ActiveCfg = Debug|Any CPU
		{1BE23BDB-EAD5-4DA5-B9A2-9672F9A2C9B7}.AppStore|iPhone.Build.0 = Debug|Any CPU
		{1BE23BDB-EAD5-4DA5-B9A2-9672F9A2C9B7}.AppStore|iPhoneSimulator.ActiveCfg = Debug|Any CPU
		{1BE23BDB-EAD5-4DA5-B9A2-9672F9A2C9B7}.AppStore|iPhoneSimulator.Build.0 = Debug|Any CPU
		{1BE23BDB-EAD5-4DA5-B9A2-9672F9A2C9B7}.Debug|Any CPU.ActiveCfg = Debug|Any CPU
		{1BE23BDB-EAD5-4DA5-B9A2-9672F9A2C9B7}.Debug|Any CPU.Build.0 = Debug|Any CPU
		{1BE23BDB-EAD5-4DA5-B9A2-9672F9A2C9B7}.Debug|iPhone.ActiveCfg = Debug|Any CPU
		{1BE23BDB-EAD5-4DA5-B9A2-9672F9A2C9B7}.Debug|iPhone.Build.0 = Debug|Any CPU
		{1BE23BDB-EAD5-4DA5-B9A2-9672F9A2C9B7}.Debug|iPhoneSimulator.ActiveCfg = Debug|Any CPU
		{1BE23BDB-EAD5-4DA5-B9A2-9672F9A2C9B7}.Debug|iPhoneSimulator.Build.0 = Debug|Any CPU
		{1BE23BDB-EAD5-4DA5-B9A2-9672F9A2C9B7}.Release|Any CPU.ActiveCfg = Release|Any CPU
		{1BE23BDB-EAD5-4DA5-B9A2-9672F9A2C9B7}.Release|Any CPU.Build.0 = Release|Any CPU
		{1BE23BDB-EAD5-4DA5-B9A2-9672F9A2C9B7}.Release|iPhone.ActiveCfg = Release|Any CPU
		{1BE23BDB-EAD5-4DA5-B9A2-9672F9A2C9B7}.Release|iPhone.Build.0 = Release|Any CPU
		{1BE23BDB-EAD5-4DA5-B9A2-9672F9A2C9B7}.Release|iPhoneSimulator.ActiveCfg = Release|Any CPU
		{1BE23BDB-EAD5-4DA5-B9A2-9672F9A2C9B7}.Release|iPhoneSimulator.Build.0 = Release|Any CPU
		{0EC2B8A6-41FC-4647-B353-E8BD6DAAAAC1}.Ad-Hoc|Any CPU.ActiveCfg = Debug|Any CPU
		{0EC2B8A6-41FC-4647-B353-E8BD6DAAAAC1}.Ad-Hoc|Any CPU.Build.0 = Debug|Any CPU
		{0EC2B8A6-41FC-4647-B353-E8BD6DAAAAC1}.Ad-Hoc|iPhone.ActiveCfg = Debug|Any CPU
		{0EC2B8A6-41FC-4647-B353-E8BD6DAAAAC1}.Ad-Hoc|iPhone.Build.0 = Debug|Any CPU
		{0EC2B8A6-41FC-4647-B353-E8BD6DAAAAC1}.Ad-Hoc|iPhoneSimulator.ActiveCfg = Debug|Any CPU
		{0EC2B8A6-41FC-4647-B353-E8BD6DAAAAC1}.Ad-Hoc|iPhoneSimulator.Build.0 = Debug|Any CPU
		{0EC2B8A6-41FC-4647-B353-E8BD6DAAAAC1}.AppStore|Any CPU.ActiveCfg = Debug|Any CPU
		{0EC2B8A6-41FC-4647-B353-E8BD6DAAAAC1}.AppStore|Any CPU.Build.0 = Debug|Any CPU
		{0EC2B8A6-41FC-4647-B353-E8BD6DAAAAC1}.AppStore|iPhone.ActiveCfg = Debug|Any CPU
		{0EC2B8A6-41FC-4647-B353-E8BD6DAAAAC1}.AppStore|iPhone.Build.0 = Debug|Any CPU
		{0EC2B8A6-41FC-4647-B353-E8BD6DAAAAC1}.AppStore|iPhoneSimulator.ActiveCfg = Debug|Any CPU
		{0EC2B8A6-41FC-4647-B353-E8BD6DAAAAC1}.AppStore|iPhoneSimulator.Build.0 = Debug|Any CPU
		{0EC2B8A6-41FC-4647-B353-E8BD6DAAAAC1}.Debug|Any CPU.ActiveCfg = Debug|Any CPU
		{0EC2B8A6-41FC-4647-B353-E8BD6DAAAAC1}.Debug|Any CPU.Build.0 = Debug|Any CPU
		{0EC2B8A6-41FC-4647-B353-E8BD6DAAAAC1}.Debug|iPhone.ActiveCfg = Debug|Any CPU
		{0EC2B8A6-41FC-4647-B353-E8BD6DAAAAC1}.Debug|iPhone.Build.0 = Debug|Any CPU
		{0EC2B8A6-41FC-4647-B353-E8BD6DAAAAC1}.Debug|iPhoneSimulator.ActiveCfg = Debug|Any CPU
		{0EC2B8A6-41FC-4647-B353-E8BD6DAAAAC1}.Debug|iPhoneSimulator.Build.0 = Debug|Any CPU
		{0EC2B8A6-41FC-4647-B353-E8BD6DAAAAC1}.Release|Any CPU.ActiveCfg = Release|Any CPU
		{0EC2B8A6-41FC-4647-B353-E8BD6DAAAAC1}.Release|Any CPU.Build.0 = Release|Any CPU
		{0EC2B8A6-41FC-4647-B353-E8BD6DAAAAC1}.Release|iPhone.ActiveCfg = Release|Any CPU
		{0EC2B8A6-41FC-4647-B353-E8BD6DAAAAC1}.Release|iPhone.Build.0 = Release|Any CPU
		{0EC2B8A6-41FC-4647-B353-E8BD6DAAAAC1}.Release|iPhoneSimulator.ActiveCfg = Release|Any CPU
		{0EC2B8A6-41FC-4647-B353-E8BD6DAAAAC1}.Release|iPhoneSimulator.Build.0 = Release|Any CPU
	EndGlobalSection
	GlobalSection(SolutionProperties) = preSolution
		HideSolutionNode = FALSE
	EndGlobalSection
	GlobalSection(ExtensibilityGlobals) = postSolution
		SolutionGuid = {0A3DEE24-BACE-441C-B78D-BEFCAF3BE826}
	EndGlobalSection
EndGlobal
